github.com/Bowery/prompt v0.0.0-20180209141255-94b504f42fdd h1:CUl+JrBzLMqTr6t0Y2p3x2G3lnmLd3FBs/M0+xoXZAU=
github.com/Bowery/prompt v0.0.0-20180209141255-94b504f42fdd/go.mod h1:4/6eNcqZ09BZ9wLK3tZOjBA1nDj+B0728nlX5YRlSmQ=
github.com/SAP/go-hdb v0.12.1 h1:p+qxOHaZy9GpicpXKZHb2dlnE9iNdy9KyTUBvchudag=
github.com/SAP/go-hdb v0.12.1/go.mod h1:etBT+FAi1t5k3K3tf5vQTnosgYmhDkRi8jEnQqCnxF0=
github.com/go-ini/ini v1.38.1 h1:hbtfM8emWUVo9GnXSloXYyFbXxZ+tG6sbepSStoe1FY=
github.com/go-ini/ini v1.38.1/go.mod h1:ByCAeIL28uOIIG0E3PJtZPDL8WnHpFKFOtgjp+3Ies8=
github.com/labstack/gommon v0.2.1 h1:C+I4NYknueQncqKYZQ34kHsLZJVeB5KwPUhnO0nmbpU=
github.com/labstack/gommon v0.2.1/go.mod h1:/tj9csK2iPSBvn+3NLM9e52usepMtrd5ilFYA+wQNJ4=
github.com/mattn/go-colorable v0.0.9 h1:UVL0vNpWh04HeJXV0KLcaT7r06gOH2l4OW6ddYRUIY4=
github.com/mattn/go-colorable v0.0.9/go.mod h1:9vuHe8Xs5qXnSaW/c/ABM9alt+Vo+STaOChaDxuIBZU=
github.com/mattn/go-isatty v0.0.3 h1:ns/ykhmWi7G9O+8a448SecJU3nSMBXJfqQkl0upE1jI=
github.com/mattn/go-isatty v0.0.3/go.mod h1:M+lRXTBqGeGNdLjl/ufCoiOlB5xdOkqRJdNxMWT7Zi4=
github.com/mkideal/cli v0.0.1 h1:ahpC5emyO24zjsFA/79+aI7gaxITFxNwl+wMtPg4BjQ=
github.com/mkideal/cli v0.0.1/go.mod h1:HLuSls75T7LFlTgByGeuLwcvdUmmx/aUQxnnEKxoZzY=
github.com/mkideal/pkg v0.0.0-20170503154153-3e188c9e7ecc h1:eyN9UWVX+CeeCQZPudCUAPc84xQYTjEu9MWNa2HuJrs=
github.com/mkideal/pkg v0.0.0-20170503154153-3e188c9e7ecc/go.mod h1:DECgB56amjU/mmmsKuooNPQ1856HASOMC3D4ntSVU70=
github.com/urfave/cli v1.20.0 h1:fDqGv3UG/4jbVl/QkFwEdddtEDjh/5Ov6X+0B/3bPaw=
github.com/urfave/cli v1.20.0/go.mod h1:70zkFmudgCuE/ngEzBv17Jvp/497gISqfk5gWijbERA=
golang.org/x/text v0.3.0 h1:g61tztE5qeGQ89tm6NTjjM9VPIm088od1l6aSorWRWg=
golang.org/x/text v0.3.0/go.mod h1:NqM8EUOU14njkJ3fqMW+pc6Ldnwhi/IjpwHt7yyuwOQ=
